
Microsoft Visual Studio Solution File, Format Version 12.00
# Visual Studio Version 16
VisualStudioVersion = 16.0.29709.97
MinimumVisualStudioVersion = 10.0.40219.1
Project("{F184B08F-C81C-45F6-A57F-5ABD9991F28F}") = "ads", "ads.vbproj", "{3AA4DF54-4D9D-4D15-88F1-AA9F9463455E}"
EndProject
Global
	GlobalSection(SolutionConfigurationPlatforms) = preSolution
		Debug|Any CPU = Debug|Any CPU
		Debug|x86 = Debug|x86
		Release|Any CPU = Release|Any CPU
		Release|x86 = Release|x86
	EndGlobalSection
	GlobalSection(ProjectConfigurationPlatforms) = postSolution
		{3AA4DF54-4D9D-4D15-88F1-AA9F9463455E}.Debug|Any CPU.ActiveCfg = Debug|Any CPU
		{3AA4DF54-4D9D-4D15-88F1-AA9F9463455E}.Debug|Any CPU.Build.0 = Debug|Any CPU
		{3AA4DF54-4D9D-4D15-88F1-AA9F9463455E}.Debug|x86.ActiveCfg = Debug|x86
		{3AA4DF54-4D9D-4D15-88F1-AA9F9463455E}.Debug|x86.Build.0 = Debug|x86
		{3AA4DF54-4D9D-4D15-88F1-AA9F9463455E}.Release|Any CPU.ActiveCfg = Release|Any CPU
		{3AA4DF54-4D9D-4D15-88F1-AA9F9463455E}.Release|Any CPU.Build.0 = Release|Any CPU
		{3AA4DF54-4D9D-4D15-88F1-AA9F9463455E}.Release|x86.ActiveCfg = Release|x86
		{3AA4DF54-4D9D-4D15-88F1-AA9F9463455E}.Release|x86.Build.0 = Release|x86
	EndGlobalSection
	GlobalSection(SolutionProperties) = preSolution
		HideSolutionNode = FALSE
	EndGlobalSection
	GlobalSection(ExtensibilityGlobals) = postSolution
		SolutionGuid = {BE5429E4-4A7F-4FA5-924B-ADFF041BF8ED}
	EndGlobalSection
EndGlobal
